
Microsoft Visual Studio Solution File, Format Version 12.00
# Visual Studio Version 17
VisualStudioVersion = 17.5.002.0
MinimumVisualStudioVersion = 10.0.40219.1
Project("{9A19103F-16F7-4668-BE54-9A1E7A4F7556}") = "snowExperience", "snowExperience.csproj", "{583EBF67-64F0-4F46-AFC8-29DD5629D0A9}"
EndProject
Global
	GlobalSection(SolutionConfigurationPlatforms) = preSolution
		Debug|Any CPU = Debug|Any CPU
		Release|Any CPU = Release|Any CPU
	EndGlobalSection
	GlobalSection(ProjectConfigurationPlatforms) = postSolution
		{583EBF67-64F0-4F46-AFC8-29DD5629D0A9}.Debug|Any CPU.ActiveCfg = Debug|Any CPU
		{583EBF67-64F0-4F46-AFC8-29DD5629D0A9}.Debug|Any CPU.Build.0 = Debug|Any CPU
		{583EBF67-64F0-4F46-AFC8-29DD5629D0A9}.Release|Any CPU.ActiveCfg = Release|Any CPU
		{583EBF67-64F0-4F46-AFC8-29DD5629D0A9}.Release|Any CPU.Build.0 = Release|Any CPU
	EndGlobalSection
	GlobalSection(SolutionProperties) = preSolution
		HideSolutionNode = FALSE
	EndGlobalSection
	GlobalSection(ExtensibilityGlobals) = postSolution
		SolutionGuid = {C3509BDE-08A1-4DA3-9308-C6FECFB28346}
	EndGlobalSection
EndGlobal
